<?xml version="1.0" encoding="utf-8"?>
<Project ToolsVersion="4.0" xmlns="http://schemas.microsoft.com/developer/msbuild/2003">
  <ItemGroup>
    <Filter Include="Source Files">
      <UniqueIdentifier>{4FC737F1-C7A5-4376-A066-2A32D752A2FF}</UniqueIdentifier>
      <Extensions>cpp;c;cc;cxx;def;odl;idl;hpj;bat;asm;asmx</Extensions>
    </Filter>
    <Filter Include="Header Files">
      <UniqueIdentifier>{93995380-89BD-4b04-88EB-625FBE52EBFB}</UniqueIdentifier>
      <Extensions>h;hpp;hxx;hm;inl;inc;xsd</Extensions>
    </Filter>
    <Filter Include="Resource Files">
      <UniqueIdentifier>{67DA6AB6-F800-4c08-8B7A-83BB121AAD01}</UniqueIdentifier>
      <Extensions>rc;ico;cur;bmp;dlg;rc2;rct;bin;rgs;gif;jpg;jpeg;jpe;resx;tiff;tif;png;wav</Extensions>
    </Filter>
    <Filter Include="炉次异常">
      <UniqueIdentifier>{4b4b704f-5fbf-4f63-8695-76393cde6754}</UniqueIdentifier>
    </Filter>
    <Filter Include="板坯异常">
      <UniqueIdentifier>{efcd7610-c524-49da-bf12-bd52156986cc}</UniqueIdentifier>
    </Filter>
  </ItemGroup>
  <ItemGroup>
    <ClCompile Include="stdafx.cpp">
      <Filter>Source Files</Filter>
    </ClCompile>
    <ClCompile Include="f_qmbs_save.cpp">
      <Filter>Source Files</Filter>
    </ClCompile>
    <ClCompile Include="f_qmbs_split.cpp">
      <Filter>Source Files</Filter>
    </ClCompile>
    <ClCompile Include="炉次异常\f_qmbs_yc.cpp">
      <Filter>炉次异常</Filter>
    </ClCompile>
    <ClCompile Include="炉次异常\f_qmbs_yc_exc.cpp">
      <Filter>炉次异常</Filter>
    </ClCompile>
    <ClCompile Include="炉次异常\f_qmbs_yc_jud.cpp">
      <Filter>炉次异常</Filter>
    </ClCompile>
    <ClCompile Include="板坯异常\f_qmbs_jud.cpp">
      <Filter>板坯异常</Filter>
    </ClCompile>
    <ClCompile Include="板坯异常\f_qmbs_chag_stno.cpp">
      <Filter>板坯异常</Filter>
    </ClCompile>
    <ClCompile Include="板坯异常\f_qmbs_data_proc.cpp">
      <Filter>板坯异常</Filter>
    </ClCompile>
    <ClCompile Include="板坯异常\f_qmbs_dest.cpp">
      <Filter>板坯异常</Filter>
    </ClCompile>
    <ClCompile Include="f_qmbs_c3.cpp">
      <Filter>Source Files</Filter>
    </ClCompile>
  </ItemGroup>
</Project>