<?xml version="1.0" encoding="utf-8"?>
<Project ToolsVersion="4.0" xmlns="http://schemas.microsoft.com/developer/msbuild/2003">
  <ItemGroup>
    <Filter Include="Source Files">
      <UniqueIdentifier>{4FC737F1-C7A5-4376-A066-2A32D752A2FF}</UniqueIdentifier>
      <Extensions>cpp;c;cc;cxx;def;odl;idl;hpj;bat;asm;asmx</Extensions>
    </Filter>
    <Filter Include="Header Files">
      <UniqueIdentifier>{93995380-89BD-4b04-88EB-625FBE52EBFB}</UniqueIdentifier>
      <Extensions>h;hpp;hxx;hm;inl;inc;xsd</Extensions>
    </Filter>
    <Filter Include="Resource Files">
      <UniqueIdentifier>{67DA6AB6-F800-4c08-8B7A-83BB121AAD01}</UniqueIdentifier>
      <Extensions>rc;ico;cur;bmp;dlg;rc2;rct;bin;rgs;gif;jpg;jpeg;jpe;resx;tiff;tif;png;wav</Extensions>
    </Filter>
  </ItemGroup>
  <ItemGroup>
    <ClCompile Include="stdafx.cpp">
      <Filter>Source Files</Filter>
    </ClCompile>
    <ClCompile Include="qmts_del.cpp">
      <Filter>Source Files</Filter>
    </ClCompile>
    <ClCompile Include="qmts_delchemi.cpp">
      <Filter>Source Files</Filter>
    </ClCompile>
    <ClCompile Include="qmts_delstd.cpp">
      <Filter>Source Files</Filter>
    </ClCompile>
    <ClCompile Include="qmts_inq.cpp">
      <Filter>Source Files</Filter>
    </ClCompile>
    <ClCompile Include="qmts_inqchemi.cpp">
      <Filter>Source Files</Filter>
    </ClCompile>
    <ClCompile Include="qmts_inqmessage.cpp">
      <Filter>Source Files</Filter>
    </ClCompile>
    <ClCompile Include="qmts_inqstd.cpp">
      <Filter>Source Files</Filter>
    </ClCompile>
    <ClCompile Include="qmts_inqstno.cpp">
      <Filter>Source Files</Filter>
    </ClCompile>
    <ClCompile Include="qmts_inqstnonew.cpp">
      <Filter>Source Files</Filter>
    </ClCompile>
    <ClCompile Include="qmts_ins.cpp">
      <Filter>Source Files</Filter>
    </ClCompile>
    <ClCompile Include="qmts_inschemi.cpp">
      <Filter>Source Files</Filter>
    </ClCompile>
    <ClCompile Include="qmts_insstd.cpp">
      <Filter>Source Files</Filter>
    </ClCompile>
    <ClCompile Include="qmts_pass.cpp">
      <Filter>Source Files</Filter>
    </ClCompile>
    <ClCompile Include="qmts_upd.cpp">
      <Filter>Source Files</Filter>
    </ClCompile>
    <ClCompile Include="qmts_updchemi.cpp">
      <Filter>Source Files</Filter>
    </ClCompile>
    <ClCompile Include="qmts_updstd.cpp">
      <Filter>Source Files</Filter>
    </ClCompile>
    <ClCompile Include="qmts0a_catch.cpp">
      <Filter>Source Files</Filter>
    </ClCompile>
    <ClCompile Include="qmts0l_catch.cpp">
      <Filter>Source Files</Filter>
    </ClCompile>
    <ClCompile Include="qmts0m_catch.cpp">
      <Filter>Source Files</Filter>
    </ClCompile>
    <ClCompile Include="qmts0x_inq.cpp">
      <Filter>Source Files</Filter>
    </ClCompile>
    <ClCompile Include="qmts0x_inq_ts.cpp">
      <Filter>Source Files</Filter>
    </ClCompile>
    <ClCompile Include="qmts01_catch.cpp">
      <Filter>Source Files</Filter>
    </ClCompile>
    <ClCompile Include="qmts01_del.cpp">
      <Filter>Source Files</Filter>
    </ClCompile>
    <ClCompile Include="qmts01_inq.cpp">
      <Filter>Source Files</Filter>
    </ClCompile>
    <ClCompile Include="qmts01_ins.cpp">
      <Filter>Source Files</Filter>
    </ClCompile>
    <ClCompile Include="qmts01_send.cpp">
      <Filter>Source Files</Filter>
    </ClCompile>
    <ClCompile Include="qmts01_upd.cpp">
      <Filter>Source Files</Filter>
    </ClCompile>
    <ClCompile Include="qmts02_del.cpp">
      <Filter>Source Files</Filter>
    </ClCompile>
    <ClCompile Include="qmts02_inq.cpp">
      <Filter>Source Files</Filter>
    </ClCompile>
    <ClCompile Include="qmts02_inq_st.cpp">
      <Filter>Source Files</Filter>
    </ClCompile>
    <ClCompile Include="qmts02_ins.cpp">
      <Filter>Source Files</Filter>
    </ClCompile>
    <ClCompile Include="qmts02_upd.cpp">
      <Filter>Source Files</Filter>
    </ClCompile>
    <ClCompile Include="qmts03_catch.cpp">
      <Filter>Source Files</Filter>
    </ClCompile>
    <ClCompile Include="qmts04_catch.cpp">
      <Filter>Source Files</Filter>
    </ClCompile>
    <ClCompile Include="qmts05_catch.cpp">
      <Filter>Source Files</Filter>
    </ClCompile>
    <ClCompile Include="qmts06_catch.cpp">
      <Filter>Source Files</Filter>
    </ClCompile>
    <ClCompile Include="qmts07_catch.cpp">
      <Filter>Source Files</Filter>
    </ClCompile>
    <ClCompile Include="qmts08_catch.cpp">
      <Filter>Source Files</Filter>
    </ClCompile>
    <ClCompile Include="qmts09_del.cpp">
      <Filter>Source Files</Filter>
    </ClCompile>
    <ClCompile Include="qmts09_inq.cpp">
      <Filter>Source Files</Filter>
    </ClCompile>
    <ClCompile Include="qmts09_ins.cpp">
      <Filter>Source Files</Filter>
    </ClCompile>
    <ClCompile Include="qmts09_upd.cpp">
      <Filter>Source Files</Filter>
    </ClCompile>
    <ClCompile Include="qmtsm_del.cpp">
      <Filter>Source Files</Filter>
    </ClCompile>
    <ClCompile Include="qmtsm_delchemi.cpp">
      <Filter>Source Files</Filter>
    </ClCompile>
    <ClCompile Include="qmtsm_elm_inq.cpp">
      <Filter>Source Files</Filter>
    </ClCompile>
    <ClCompile Include="qmtsm_newstno_inq.cpp">
      <Filter>Source Files</Filter>
    </ClCompile>
    <ClCompile Include="qmtsm_stno_inq.cpp">
      <Filter>Source Files</Filter>
    </ClCompile>
    <ClCompile Include="qmtsxx_inq.cpp">
      <Filter>Source Files</Filter>
    </ClCompile>
    <ClCompile Include="qmtsm_common_catch.cpp">
      <Filter>Source Files</Filter>
    </ClCompile>
    <ClCompile Include="qmtsm1_del.cpp">
      <Filter>Source Files</Filter>
    </ClCompile>
    <ClCompile Include="qmtsm1_ins.cpp">
      <Filter>Source Files</Filter>
    </ClCompile>
    <ClCompile Include="qmtsm1_upd.cpp">
      <Filter>Source Files</Filter>
    </ClCompile>
    <ClCompile Include="qmtsmu_inq.cpp">
      <Filter>Source Files</Filter>
    </ClCompile>
    <ClCompile Include="qmtsm_upd.cpp">
      <Filter>Source Files</Filter>
    </ClCompile>
    <ClCompile Include="qmtsm_updchemi.cpp">
      <Filter>Source Files</Filter>
    </ClCompile>
    <ClCompile Include="qmtsm_aud.cpp">
      <Filter>Source Files</Filter>
    </ClCompile>
    <ClCompile Include="qmts0x_inq_elm.cpp">
      <Filter>Source Files</Filter>
    </ClCompile>
    <ClCompile Include="qmts_chem_qc.cpp">
      <Filter>Source Files</Filter>
    </ClCompile>
    <ClCompile Include="qmts02_elm_ctl_upd.cpp">
      <Filter>Source Files</Filter>
    </ClCompile>
  </ItemGroup>
  <ItemGroup>
    <ClInclude Include="..\..\..\Include\hqmts02.h">
      <Filter>Header Files</Filter>
    </ClInclude>
    <ClInclude Include="..\..\..\Include\hqmts0x.h">
      <Filter>Header Files</Filter>
    </ClInclude>
    <ClInclude Include="..\..\..\Include\tep0002.h">
      <Filter>Header Files</Filter>
    </ClInclude>
    <ClInclude Include="..\..\..\Include\tqmts02.h">
      <Filter>Header Files</Filter>
    </ClInclude>
    <ClInclude Include="..\..\..\Include\tqmts0x.h">
      <Filter>Header Files</Filter>
    </ClInclude>
    <ClInclude Include="..\..\..\Include\tqmts13.h">
      <Filter>Header Files</Filter>
    </ClInclude>
    <ClInclude Include="..\..\..\Include\tqmts14.h">
      <Filter>Header Files</Filter>
    </ClInclude>
  </ItemGroup>
</Project>